
Microsoft Visual Studio Solution File, Format Version 12.00
# Visual Studio Version 17
VisualStudioVersion = 17.11.35303.130
MinimumVisualStudioVersion = 10.0.40219.1
Project("{2150E333-8FDC-42A3-9474-1A3956D46DE8}") = "Task0", "Task0", "{26AE8D0A-62D0-4F4A-AD1A-E017EC0A0FF6}"
EndProject
Project("{9A19103F-16F7-4668-BE54-9A1E7A4F7556}") = "Tyuiu.GulienkoPO.Sprint3.Task0.V12.Test", "Tyuiu.GulienkoPO.Sprint3.Task0.V12.Test\Tyuiu.GulienkoPO.Sprint3.Task0.V12.Test.csproj", "{D340D954-4D7C-4AB1-A331-A7B026B4158D}"
EndProject
Project("{9A19103F-16F7-4668-BE54-9A1E7A4F7556}") = "Tyuiu.GulienkoPO.Sprint3.Task0.V12", "Tyuiu.GulienkoPO.Sprint3.Task0.V12\Tyuiu.GulienkoPO.Sprint3.Task0.V12.csproj", "{A46B2812-2F29-4AD5-9067-CA163597B1BA}"
EndProject
Project("{9A19103F-16F7-4668-BE54-9A1E7A4F7556}") = "Tyuiu.GulienkoPO.Sprint3.Task0.V12.Lib", "Tyuiu.GulienkoPO.Sprint3.Task0.V12.Lib\Tyuiu.GulienkoPO.Sprint3.Task0.V12.Lib.csproj", "{F9B8BDC0-6FE2-42C2-B6CC-180EA79AC993}"
EndProject
Project("{2150E333-8FDC-42A3-9474-1A3956D46DE8}") = "Task1", "Task1", "{812816AB-D2DF-449E-A9A2-82093DE79095}"
EndProject
Project("{9A19103F-16F7-4668-BE54-9A1E7A4F7556}") = "Tyuiu.GulienkoPO.Sprint3.Task1.V5.Test", "Tyuiu.GulienkoPO.Sprint3.Task1.V5.Test\Tyuiu.GulienkoPO.Sprint3.Task1.V5.Test.csproj", "{8B490235-FFB7-488A-A4D0-E4E2CA561880}"
EndProject
Project("{9A19103F-16F7-4668-BE54-9A1E7A4F7556}") = "Tyuiu.GulienkoPO.Sprint3.Task1.V5", "Tyuiu.GulienkoPO.Sprint3.Task1.V5\Tyuiu.GulienkoPO.Sprint3.Task1.V5.csproj", "{BAFF690C-0192-41E1-8304-3063A7AF1B2F}"
EndProject
Project("{9A19103F-16F7-4668-BE54-9A1E7A4F7556}") = "Tyuiu.GulienkoPO.Sprint3.Task1.V5.Lib", "Tyuiu.GulienkoPO.Sprint3.Task1.V5.Lib\Tyuiu.GulienkoPO.Sprint3.Task1.V5.Lib.csproj", "{C442483E-05D8-4BD9-8F83-DBE0A5EE139A}"
EndProject
Project("{2150E333-8FDC-42A3-9474-1A3956D46DE8}") = "Task2", "Task2", "{87D487A5-F324-495C-B8F1-1DE5BD321F44}"
EndProject
Project("{9A19103F-16F7-4668-BE54-9A1E7A4F7556}") = "Tyuiu.GulienkoPO.Sprint3.Task2.V8.Test", "Tyuiu.GulienkoPO.Sprint3.Task2.V8.Test\Tyuiu.GulienkoPO.Sprint3.Task2.V8.Test.csproj", "{1B0EF210-9D7F-46F2-8CB1-0B95C82237B7}"
EndProject
Project("{9A19103F-16F7-4668-BE54-9A1E7A4F7556}") = "Tyuiu.GulienkoPO.Sprint3.Task2.V8", "Tyuiu.GulienkoPO.Sprint3.Task2.V8\Tyuiu.GulienkoPO.Sprint3.Task2.V8.csproj", "{50C78218-2638-476D-BC0B-2524E14D0866}"
EndProject
Project("{9A19103F-16F7-4668-BE54-9A1E7A4F7556}") = "Tyuiu.GulienkoPO.Sprint3.Task2.V8.Lib", "Tyuiu.GulienkoPO.Sprint3.Task2.V8.Lib\Tyuiu.GulienkoPO.Sprint3.Task2.V8.Lib.csproj", "{FF96EF00-2566-4269-8C56-52817294343F}"
EndProject
Project("{2150E333-8FDC-42A3-9474-1A3956D46DE8}") = "Task3", "Task3", "{2F173E51-B5F5-45D2-8C1F-A48BA554E517}"
EndProject
Project("{FAE04EC0-301F-11D3-BF4B-00C04F79EFBC}") = "Tyuiu.GulienkoPO.Sprint3.Task3.V3.Test", "Tyuiu.GulienkoPO.Sprint3.Task3.V3.Test\Tyuiu.GulienkoPO.Sprint3.Task3.V3.Test.csproj", "{5F11E132-C4D6-410A-9ED0-855E7C2295B4}"
EndProject
Project("{FAE04EC0-301F-11D3-BF4B-00C04F79EFBC}") = "Tyuiu.GulienkoPO.Sprint3.Task3.V3.Lib", "Tyuiu.GulienkoPO.Sprint3.Task3.V3.Lib\Tyuiu.GulienkoPO.Sprint3.Task3.V3.Lib.csproj", "{1991B907-695B-41B2-AD84-9DBB15E7B9E0}"
EndProject
Project("{FAE04EC0-301F-11D3-BF4B-00C04F79EFBC}") = "Tyuiu.GulienkoPO.Sprint3.Task3.V3", "Tyuiu.GulienkoPO.Sprint3.Task3.V3\Tyuiu.GulienkoPO.Sprint3.Task3.V3.csproj", "{34F70EB2-6AC8-4B4E-8EA5-F927B5DF56E9}"
EndProject
Global
	GlobalSection(SolutionConfigurationPlatforms) = preSolution
		Debug|Any CPU = Debug|Any CPU
		Release|Any CPU = Release|Any CPU
	EndGlobalSection
	GlobalSection(ProjectConfigurationPlatforms) = postSolution
		{D340D954-4D7C-4AB1-A331-A7B026B4158D}.Debug|Any CPU.ActiveCfg = Debug|Any CPU
		{D340D954-4D7C-4AB1-A331-A7B026B4158D}.Debug|Any CPU.Build.0 = Debug|Any CPU
		{D340D954-4D7C-4AB1-A331-A7B026B4158D}.Release|Any CPU.ActiveCfg = Release|Any CPU
		{D340D954-4D7C-4AB1-A331-A7B026B4158D}.Release|Any CPU.Build.0 = Release|Any CPU
		{A46B2812-2F29-4AD5-9067-CA163597B1BA}.Debug|Any CPU.ActiveCfg = Debug|Any CPU
		{A46B2812-2F29-4AD5-9067-CA163597B1BA}.Debug|Any CPU.Build.0 = Debug|Any CPU
		{A46B2812-2F29-4AD5-9067-CA163597B1BA}.Release|Any CPU.ActiveCfg = Release|Any CPU
		{A46B2812-2F29-4AD5-9067-CA163597B1BA}.Release|Any CPU.Build.0 = Release|Any CPU
		{F9B8BDC0-6FE2-42C2-B6CC-180EA79AC993}.Debug|Any CPU.ActiveCfg = Debug|Any CPU
		{F9B8BDC0-6FE2-42C2-B6CC-180EA79AC993}.Debug|Any CPU.Build.0 = Debug|Any CPU
		{F9B8BDC0-6FE2-42C2-B6CC-180EA79AC993}.Release|Any CPU.ActiveCfg = Release|Any CPU
		{F9B8BDC0-6FE2-42C2-B6CC-180EA79AC993}.Release|Any CPU.Build.0 = Release|Any CPU
		{8B490235-FFB7-488A-A4D0-E4E2CA561880}.Debug|Any CPU.ActiveCfg = Debug|Any CPU
		{8B490235-FFB7-488A-A4D0-E4E2CA561880}.Debug|Any CPU.Build.0 = Debug|Any CPU
		{8B490235-FFB7-488A-A4D0-E4E2CA561880}.Release|Any CPU.ActiveCfg = Release|Any CPU
		{8B490235-FFB7-488A-A4D0-E4E2CA561880}.Release|Any CPU.Build.0 = Release|Any CPU
		{BAFF690C-0192-41E1-8304-3063A7AF1B2F}.Debug|Any CPU.ActiveCfg = Debug|Any CPU
		{BAFF690C-0192-41E1-8304-3063A7AF1B2F}.Debug|Any CPU.Build.0 = Debug|Any CPU
		{BAFF690C-0192-41E1-8304-3063A7AF1B2F}.Release|Any CPU.ActiveCfg = Release|Any CPU
		{BAFF690C-0192-41E1-8304-3063A7AF1B2F}.Release|Any CPU.Build.0 = Release|Any CPU
		{C442483E-05D8-4BD9-8F83-DBE0A5EE139A}.Debug|Any CPU.ActiveCfg = Debug|Any CPU
		{C442483E-05D8-4BD9-8F83-DBE0A5EE139A}.Debug|Any CPU.Build.0 = Debug|Any CPU
		{C442483E-05D8-4BD9-8F83-DBE0A5EE139A}.Release|Any CPU.ActiveCfg = Release|Any CPU
		{C442483E-05D8-4BD9-8F83-DBE0A5EE139A}.Release|Any CPU.Build.0 = Release|Any CPU
		{1B0EF210-9D7F-46F2-8CB1-0B95C82237B7}.Debug|Any CPU.ActiveCfg = Debug|Any CPU
		{1B0EF210-9D7F-46F2-8CB1-0B95C82237B7}.Debug|Any CPU.Build.0 = Debug|Any CPU
		{1B0EF210-9D7F-46F2-8CB1-0B95C82237B7}.Release|Any CPU.ActiveCfg = Release|Any CPU
		{1B0EF210-9D7F-46F2-8CB1-0B95C82237B7}.Release|Any CPU.Build.0 = Release|Any CPU
		{50C78218-2638-476D-BC0B-2524E14D0866}.Debug|Any CPU.ActiveCfg = Debug|Any CPU
		{50C78218-2638-476D-BC0B-2524E14D0866}.Debug|Any CPU.Build.0 = Debug|Any CPU
		{50C78218-2638-476D-BC0B-2524E14D0866}.Release|Any CPU.ActiveCfg = Release|Any CPU
		{50C78218-2638-476D-BC0B-2524E14D0866}.Release|Any CPU.Build.0 = Release|Any CPU
		{FF96EF00-2566-4269-8C56-52817294343F}.Debug|Any CPU.ActiveCfg = Debug|Any CPU
		{FF96EF00-2566-4269-8C56-52817294343F}.Debug|Any CPU.Build.0 = Debug|Any CPU
		{FF96EF00-2566-4269-8C56-52817294343F}.Release|Any CPU.ActiveCfg = Release|Any CPU
		{FF96EF00-2566-4269-8C56-52817294343F}.Release|Any CPU.Build.0 = Release|Any CPU
		{5F11E132-C4D6-410A-9ED0-855E7C2295B4}.Debug|Any CPU.ActiveCfg = Debug|Any CPU
		{5F11E132-C4D6-410A-9ED0-855E7C2295B4}.Debug|Any CPU.Build.0 = Debug|Any CPU
		{5F11E132-C4D6-410A-9ED0-855E7C2295B4}.Release|Any CPU.ActiveCfg = Release|Any CPU
		{5F11E132-C4D6-410A-9ED0-855E7C2295B4}.Release|Any CPU.Build.0 = Release|Any CPU
		{1991B907-695B-41B2-AD84-9DBB15E7B9E0}.Debug|Any CPU.ActiveCfg = Debug|Any CPU
		{1991B907-695B-41B2-AD84-9DBB15E7B9E0}.Debug|Any CPU.Build.0 = Debug|Any CPU
		{1991B907-695B-41B2-AD84-9DBB15E7B9E0}.Release|Any CPU.ActiveCfg = Release|Any CPU
		{1991B907-695B-41B2-AD84-9DBB15E7B9E0}.Release|Any CPU.Build.0 = Release|Any CPU
		{34F70EB2-6AC8-4B4E-8EA5-F927B5DF56E9}.Debug|Any CPU.ActiveCfg = Debug|Any CPU
		{34F70EB2-6AC8-4B4E-8EA5-F927B5DF56E9}.Debug|Any CPU.Build.0 = Debug|Any CPU
		{34F70EB2-6AC8-4B4E-8EA5-F927B5DF56E9}.Release|Any CPU.ActiveCfg = Release|Any CPU
		{34F70EB2-6AC8-4B4E-8EA5-F927B5DF56E9}.Release|Any CPU.Build.0 = Release|Any CPU
	EndGlobalSection
	GlobalSection(SolutionProperties) = preSolution
		HideSolutionNode = FALSE
	EndGlobalSection
	GlobalSection(NestedProjects) = preSolution
		{D340D954-4D7C-4AB1-A331-A7B026B4158D} = {26AE8D0A-62D0-4F4A-AD1A-E017EC0A0FF6}
		{A46B2812-2F29-4AD5-9067-CA163597B1BA} = {26AE8D0A-62D0-4F4A-AD1A-E017EC0A0FF6}
		{F9B8BDC0-6FE2-42C2-B6CC-180EA79AC993} = {26AE8D0A-62D0-4F4A-AD1A-E017EC0A0FF6}
		{8B490235-FFB7-488A-A4D0-E4E2CA561880} = {812816AB-D2DF-449E-A9A2-82093DE79095}
		{BAFF690C-0192-41E1-8304-3063A7AF1B2F} = {812816AB-D2DF-449E-A9A2-82093DE79095}
		{C442483E-05D8-4BD9-8F83-DBE0A5EE139A} = {812816AB-D2DF-449E-A9A2-82093DE79095}
		{1B0EF210-9D7F-46F2-8CB1-0B95C82237B7} = {87D487A5-F324-495C-B8F1-1DE5BD321F44}
		{50C78218-2638-476D-BC0B-2524E14D0866} = {87D487A5-F324-495C-B8F1-1DE5BD321F44}
		{FF96EF00-2566-4269-8C56-52817294343F} = {87D487A5-F324-495C-B8F1-1DE5BD321F44}
		{5F11E132-C4D6-410A-9ED0-855E7C2295B4} = {2F173E51-B5F5-45D2-8C1F-A48BA554E517}
		{1991B907-695B-41B2-AD84-9DBB15E7B9E0} = {2F173E51-B5F5-45D2-8C1F-A48BA554E517}
		{34F70EB2-6AC8-4B4E-8EA5-F927B5DF56E9} = {2F173E51-B5F5-45D2-8C1F-A48BA554E517}
	EndGlobalSection
	GlobalSection(ExtensibilityGlobals) = postSolution
		SolutionGuid = {995F8B6F-98A8-4962-BB5C-EDCCEFA79F1B}
	EndGlobalSection
EndGlobal
